// !$*UTF8*$!
{
	archiveVersion = 1;
	classes = {
	};
	objectVersion = 77;
	objects = {

/* Begin PBXBuildFile section */
		009741E4D2F3FFE91AD2E169 /* PlaceholderVectorSource.swift in Sources */ = {isa = PBXBuildFile; fileRef = AA3655D1B788BFAA8DB24B3A /* PlaceholderVectorSource.swift */; };
		02C36CD1A684125C7E1BFFEF /* CookieHitTester.swift in Sources */ = {isa = PBXBuildFile; fileRef = CDA8868CC2A544CACF965959 /* CookieHitTester.swift */; };
		0CE4BE5C51E456D58155093D /* SettingsView.swift in Sources */ = {isa = PBXBuildFile; fileRef = A6AC056B58E4AD81D70E2C27 /* SettingsView.swift */; };
		0DA010B7D3C013DEEA9386CA /* CookieState.swift in Sources */ = {isa = PBXBuildFile; fileRef = BC201CE915B5D96AB2C0B573 /* CookieState.swift */; };
		1C855222F7D4B071ECF00337 /* CookiePersonality.swift in Sources */ = {isa = PBXBuildFile; fileRef = D80EF6B30682B627D283E04C /* CookiePersonality.swift */; };
		2310CA94125B1F76D0C15A74 /* CharacterPreviewView.swift in Sources */ = {isa = PBXBuildFile; fileRef = ACB87B0BAECF70291F77A18E /* CharacterPreviewView.swift */; };
		28EC22B8DC1864F99309E225 /* WorldItemView.swift in Sources */ = {isa = PBXBuildFile; fileRef = AA64B52E068713421CB908E2 /* WorldItemView.swift */; };
		2E1766FDB9E264CD72F5EB92 /* AppDelegate.swift in Sources */ = {isa = PBXBuildFile; fileRef = 82D8641805F78FBEF35E59DB /* AppDelegate.swift */; };
		2E9356EE81B3E75ED15253CB /* SpriteProviding.swift in Sources */ = {isa = PBXBuildFile; fileRef = 0550502DB31F161C2B875C18 /* SpriteProviding.swift */; };
		303C49FAF4196BC343E55D6E /* CookieInteractionTests.swift in Sources */ = {isa = PBXBuildFile; fileRef = 76760163CA6BE3BAC37C0381 /* CookieInteractionTests.swift */; };
		3873AC3359C0EBB51FDE655B /* WorldItemPanelController.swift in Sources */ = {isa = PBXBuildFile; fileRef = 508F241ABBC1FB1CDF92DC68 /* WorldItemPanelController.swift */; };
		3B6C6F3392700BA5B1CFF284 /* CookieSettings.swift in Sources */ = {isa = PBXBuildFile; fileRef = 15328F6492CADC407F9935A4 /* CookieSettings.swift */; };
		3E3C863DEB21A842A439B102 /* Assets.xcassets in Resources */ = {isa = PBXBuildFile; fileRef = BC6B895FFF0816B8909B8F5D /* Assets.xcassets */; };
		51C51C0A3A571D55A5088ECA /* Sounds in Resources */ = {isa = PBXBuildFile; fileRef = 7DDDA556F5DF54B178912C38 /* Sounds */; };
		59C31F3CC3BF7E83004FFE27 /* Sprites in Resources */ = {isa = PBXBuildFile; fileRef = 445ACA6F52CF1CB035B5C229 /* Sprites */; };
		59E4ED3C7B9326545B7F6D88 /* CookieScene.swift in Sources */ = {isa = PBXBuildFile; fileRef = 424D427E50BF371EE3A46EB1 /* CookieScene.swift */; };
		5EC1EE3AF4388E9A6FBCC884 /* AnimationFrameSource.swift in Sources */ = {isa = PBXBuildFile; fileRef = 33DF2E7203A3BAA05D131B2C /* AnimationFrameSource.swift */; };
		5F60712678305C14BAA0FF52 /* CookieCustomization.swift in Sources */ = {isa = PBXBuildFile; fileRef = ECDBFE2411725781FE4EA6BD /* CookieCustomization.swift */; };
		66993E5F26C3BBE14A852558 /* AudioManager.swift in Sources */ = {isa = PBXBuildFile; fileRef = 36159B09F5FDDE812EDC109D /* AudioManager.swift */; };
		686D1FE3A36B380A2D7A19A3 /* WorldItems.swift in Sources */ = {isa = PBXBuildFile; fileRef = 9E277259DA061F70E21DC56D /* WorldItems.swift */; };
		6C09E36D31F20A24163A04A2 /* WelcomeView.swift in Sources */ = {isa = PBXBuildFile; fileRef = 06F45E3ADDD910733BF5B402 /* WelcomeView.swift */; };
		75F8F4B5A76D428D6E58211E /* StatsSettingsTab.swift in Sources */ = {isa = PBXBuildFile; fileRef = CDC0882CE04D10761E870D71 /* StatsSettingsTab.swift */; };
		77086BD0B5053E304F56F60B /* CookieAnimationId.swift in Sources */ = {isa = PBXBuildFile; fileRef = 54D828731AF146F68B1F4290 /* CookieAnimationId.swift */; };
		773EDC284CCD1FBA7269A543 /* CookieProfile.swift in Sources */ = {isa = PBXBuildFile; fileRef = 25E43140410CFF6A30747EEE /* CookieProfile.swift */; };
		7767963422B69B77A8DE4C57 /* CookiePoseCatalog.swift in Sources */ = {isa = PBXBuildFile; fileRef = F1BFA316970DD8EE9919220A /* CookiePoseCatalog.swift */; };
		846BDE6259D6CD478DFF2268 /* CompanionPanelController.swift in Sources */ = {isa = PBXBuildFile; fileRef = 42EF6275F8DEEEC0C937CB46 /* CompanionPanelController.swift */; };
		85E5BC09C60D58CC357921D3 /* SpriteSheetSource.swift in Sources */ = {isa = PBXBuildFile; fileRef = 942E7C690A470C300AE20375 /* SpriteSheetSource.swift */; };
		8C3D9DD6A935AA74B29A7F4E /* ReferenceImageSource.swift in Sources */ = {isa = PBXBuildFile; fileRef = 7D22F26FDBDFCA2AC60FC0A0 /* ReferenceImageSource.swift */; };
		8D960B8E35B12D6FCE17132A /* WelcomeViewModel.swift in Sources */ = {isa = PBXBuildFile; fileRef = 8B4DA208DB477D8FFA80328E /* WelcomeViewModel.swift */; };
		92F4E8FB639E2CD642A197C8 /* ExpressionArtSource.swift in Sources */ = {isa = PBXBuildFile; fileRef = BB0ED0D19E3B07DA7B1231A4 /* ExpressionArtSource.swift */; };
		94B286277D51F093C96D6693 /* AppEnvironment.swift in Sources */ = {isa = PBXBuildFile; fileRef = 8BCB2E11C61DF6D031CFBA22 /* AppEnvironment.swift */; };
		9538BABBD1EDA6970B836D9B /* ExpressionArt.swift in Sources */ = {isa = PBXBuildFile; fileRef = 14CEB413BAD769F6723619AA /* ExpressionArt.swift */; };
		9662A7AFE3D7E0D4C546723F /* CookieMultiDisplayTests.swift in Sources */ = {isa = PBXBuildFile; fileRef = EBBA93F76B12629BDAFC7946 /* CookieMultiDisplayTests.swift */; };
		9BA77548E1C37D692D1C6D30 /* CookiePose.swift in Sources */ = {isa = PBXBuildFile; fileRef = 779501F6B071E7E2651115BD /* CookiePose.swift */; };
		A140A648479AA4A84A741F27 /* CompanionViewController.swift in Sources */ = {isa = PBXBuildFile; fileRef = 975A9064828C80542840C9AC /* CompanionViewController.swift */; };
		A46A56D1CFE236BD1DFDA9B4 /* MotionSettings.swift in Sources */ = {isa = PBXBuildFile; fileRef = FD5BB00064481F7484AA0282 /* MotionSettings.swift */; };
		AF8A2EA43EC89F417912C638 /* CookieScreenGeometry.swift in Sources */ = {isa = PBXBuildFile; fileRef = 4EA9D51FCB1BB96A519098EA /* CookieScreenGeometry.swift */; };
		B0B61C232AAA04A81082D986 /* CookieStatistics.swift in Sources */ = {isa = PBXBuildFile; fileRef = 8BE787A28BF7199A003BD756 /* CookieStatistics.swift */; };
		B0E58B1F32ECF00B9469B471 /* SKColor+Hex.swift in Sources */ = {isa = PBXBuildFile; fileRef = D58ECB8B9630CEB1C0F716D8 /* SKColor+Hex.swift */; };
		B92086AA6E9FF3160C5706EC /* CookieSpriteRenderer.swift in Sources */ = {isa = PBXBuildFile; fileRef = DB2F49350312D645C76361AC /* CookieSpriteRenderer.swift */; };
		BB9B21377AFA0E9DE7B8DB72 /* CookieAccessoryLayer.swift in Sources */ = {isa = PBXBuildFile; fileRef = D469FDD25DE4BB8AFAC6DC85 /* CookieAccessoryLayer.swift */; };
		C937122C836DF5748B35021A /* CookieDirection.swift in Sources */ = {isa = PBXBuildFile; fileRef = 2564BB034E6531010EDB7279 /* CookieDirection.swift */; };
		CA4A4C6E0B1B46FE590FACDA /* MenuBarController.swift in Sources */ = {isa = PBXBuildFile; fileRef = 280470071B93B1E5F75C470A /* MenuBarController.swift */; };
		CC32FFCBE756E720AD5B37F6 /* WindowManager.swift in Sources */ = {isa = PBXBuildFile; fileRef = CDD3A06C9DFA605ECE0FE1E3 /* WindowManager.swift */; };
		CDA994145CB0964CA47681EB /* CookieBehaviorEngine.swift in Sources */ = {isa = PBXBuildFile; fileRef = 97E4F7E33C5112C40D7D66E4 /* CookieBehaviorEngine.swift */; };
		CE912B9F98BCBB80899EDD61 /* CookieCharacterNode.swift in Sources */ = {isa = PBXBuildFile; fileRef = 44994CF7A0FE01B9276C2B2F /* CookieCharacterNode.swift */; };
		D7F2D955D6917AA84555E0E8 /* CustomizationView.swift in Sources */ = {isa = PBXBuildFile; fileRef = 0481870F29B62BF73D6D8DCA /* CustomizationView.swift */; };
		DEDFB19C3E8AED84E4DE4562 /* DesktopWindowScanner.swift in Sources */ = {isa = PBXBuildFile; fileRef = 4514BA6F0CCB5A84B5A4CA5F /* DesktopWindowScanner.swift */; };
		E67568E5D520C3E9FDE9A171 /* CookieStore.swift in Sources */ = {isa = PBXBuildFile; fileRef = F7CBD9626E2243F075587141 /* CookieStore.swift */; };
		E8E31096D8E2F5F973BE859B /* CookieStoreTests.swift in Sources */ = {isa = PBXBuildFile; fileRef = 5D73954CEA6321E099B7E814 /* CookieStoreTests.swift */; };
		EA63057604B4A8C098A2BFDA /* CookieApp.swift in Sources */ = {isa = PBXBuildFile; fileRef = D56AE459069F97085CE459DB /* CookieApp.swift */; };
		EFE3003C6C3BF75867316551 /* SpriteAnimationController.swift in Sources */ = {isa = PBXBuildFile; fileRef = CA085C2C2832438FF2316878 /* SpriteAnimationController.swift */; };
/* End PBXBuildFile section */

/* Begin PBXContainerItemProxy section */
		124FC80018E14A6B2D926BB6 /* PBXContainerItemProxy */ = {
			isa = PBXContainerItemProxy;
			containerPortal = 1DEF12A8EA9011540A345A44 /* Project object */;
			proxyType = 1;
			remoteGlobalIDString = 04A5FCCC0AB455E61AD14C3B;
			remoteInfo = Cookie;
		};
/* End PBXContainerItemProxy section */

/* Begin PBXFileReference section */
		0481870F29B62BF73D6D8DCA /* CustomizationView.swift */ = {isa = PBXFileReference; lastKnownFileType = sourcecode.swift; path = CustomizationView.swift; sourceTree = "<group>"; };
		0550502DB31F161C2B875C18 /* SpriteProviding.swift */ = {isa = PBXFileReference; lastKnownFileType = sourcecode.swift; path = SpriteProviding.swift; sourceTree = "<group>"; };
		06F45E3ADDD910733BF5B402 /* WelcomeView.swift */ = {isa = PBXFileReference; lastKnownFileType = sourcecode.swift; path = WelcomeView.swift; sourceTree = "<group>"; };
		14CEB413BAD769F6723619AA /* ExpressionArt.swift */ = {isa = PBXFileReference; lastKnownFileType = sourcecode.swift; path = ExpressionArt.swift; sourceTree = "<group>"; };
		15328F6492CADC407F9935A4 /* CookieSettings.swift */ = {isa = PBXFileReference; lastKnownFileType = sourcecode.swift; path = CookieSettings.swift; sourceTree = "<group>"; };
		2564BB034E6531010EDB7279 /* CookieDirection.swift */ = {isa = PBXFileReference; lastKnownFileType = sourcecode.swift; path = CookieDirection.swift; sourceTree = "<group>"; };
		25E43140410CFF6A30747EEE /* CookieProfile.swift */ = {isa = PBXFileReference; lastKnownFileType = sourcecode.swift; path = CookieProfile.swift; sourceTree = "<group>"; };
		280470071B93B1E5F75C470A /* MenuBarController.swift */ = {isa = PBXFileReference; lastKnownFileType = sourcecode.swift; path = MenuBarController.swift; sourceTree = "<group>"; };
		33DF2E7203A3BAA05D131B2C /* AnimationFrameSource.swift */ = {isa = PBXFileReference; lastKnownFileType = sourcecode.swift; path = AnimationFrameSource.swift; sourceTree = "<group>"; };
		36159B09F5FDDE812EDC109D /* AudioManager.swift */ = {isa = PBXFileReference; lastKnownFileType = sourcecode.swift; path = AudioManager.swift; sourceTree = "<group>"; };
		424D427E50BF371EE3A46EB1 /* CookieScene.swift */ = {isa = PBXFileReference; lastKnownFileType = sourcecode.swift; path = CookieScene.swift; sourceTree = "<group>"; };
		42EF6275F8DEEEC0C937CB46 /* CompanionPanelController.swift */ = {isa = PBXFileReference; lastKnownFileType = sourcecode.swift; path = CompanionPanelController.swift; sourceTree = "<group>"; };
		445ACA6F52CF1CB035B5C229 /* Sprites */ = {isa = PBXFileReference; lastKnownFileType = folder; name = Sprites; path = Cookie/Resources/Sprites; sourceTree = SOURCE_ROOT; };
		44994CF7A0FE01B9276C2B2F /* CookieCharacterNode.swift */ = {isa = PBXFileReference; lastKnownFileType = sourcecode.swift; path = CookieCharacterNode.swift; sourceTree = "<group>"; };
		4514BA6F0CCB5A84B5A4CA5F /* DesktopWindowScanner.swift */ = {isa = PBXFileReference; lastKnownFileType = sourcecode.swift; path = DesktopWindowScanner.swift; sourceTree = "<group>"; };
		4EA9D51FCB1BB96A519098EA /* CookieScreenGeometry.swift */ = {isa = PBXFileReference; lastKnownFileType = sourcecode.swift; path = CookieScreenGeometry.swift; sourceTree = "<group>"; };
		508F241ABBC1FB1CDF92DC68 /* WorldItemPanelController.swift */ = {isa = PBXFileReference; lastKnownFileType = sourcecode.swift; path = WorldItemPanelController.swift; sourceTree = "<group>"; };
		54D828731AF146F68B1F4290 /* CookieAnimationId.swift */ = {isa = PBXFileReference; lastKnownFileType = sourcecode.swift; path = CookieAnimationId.swift; sourceTree = "<group>"; };
		5D73954CEA6321E099B7E814 /* CookieStoreTests.swift */ = {isa = PBXFileReference; lastKnownFileType = sourcecode.swift; path = CookieStoreTests.swift; sourceTree = "<group>"; };
		76760163CA6BE3BAC37C0381 /* CookieInteractionTests.swift */ = {isa = PBXFileReference; lastKnownFileType = sourcecode.swift; path = CookieInteractionTests.swift; sourceTree = "<group>"; };
		779501F6B071E7E2651115BD /* CookiePose.swift */ = {isa = PBXFileReference; lastKnownFileType = sourcecode.swift; path = CookiePose.swift; sourceTree = "<group>"; };
		7D22F26FDBDFCA2AC60FC0A0 /* ReferenceImageSource.swift */ = {isa = PBXFileReference; lastKnownFileType = sourcecode.swift; path = ReferenceImageSource.swift; sourceTree = "<group>"; };
		7DDDA556F5DF54B178912C38 /* Sounds */ = {isa = PBXFileReference; lastKnownFileType = folder; name = Sounds; path = Cookie/Resources/Sounds; sourceTree = SOURCE_ROOT; };
		82D8641805F78FBEF35E59DB /* AppDelegate.swift */ = {isa = PBXFileReference; lastKnownFileType = sourcecode.swift; path = AppDelegate.swift; sourceTree = "<group>"; };
		8B4DA208DB477D8FFA80328E /* WelcomeViewModel.swift */ = {isa = PBXFileReference; lastKnownFileType = sourcecode.swift; path = WelcomeViewModel.swift; sourceTree = "<group>"; };
		8BCB2E11C61DF6D031CFBA22 /* AppEnvironment.swift */ = {isa = PBXFileReference; lastKnownFileType = sourcecode.swift; path = AppEnvironment.swift; sourceTree = "<group>"; };
		8BE787A28BF7199A003BD756 /* CookieStatistics.swift */ = {isa = PBXFileReference; lastKnownFileType = sourcecode.swift; path = CookieStatistics.swift; sourceTree = "<group>"; };
		942E7C690A470C300AE20375 /* SpriteSheetSource.swift */ = {isa = PBXFileReference; lastKnownFileType = sourcecode.swift; path = SpriteSheetSource.swift; sourceTree = "<group>"; };
		975A9064828C80542840C9AC /* CompanionViewController.swift */ = {isa = PBXFileReference; lastKnownFileType = sourcecode.swift; path = CompanionViewController.swift; sourceTree = "<group>"; };
		97E4F7E33C5112C40D7D66E4 /* CookieBehaviorEngine.swift */ = {isa = PBXFileReference; lastKnownFileType = sourcecode.swift; path = CookieBehaviorEngine.swift; sourceTree = "<group>"; };
		9E277259DA061F70E21DC56D /* WorldItems.swift */ = {isa = PBXFileReference; lastKnownFileType = sourcecode.swift; path = WorldItems.swift; sourceTree = "<group>"; };
		A6AC056B58E4AD81D70E2C27 /* SettingsView.swift */ = {isa = PBXFileReference; lastKnownFileType = sourcecode.swift; path = SettingsView.swift; sourceTree = "<group>"; };
		AA3655D1B788BFAA8DB24B3A /* PlaceholderVectorSource.swift */ = {isa = PBXFileReference; lastKnownFileType = sourcecode.swift; path = PlaceholderVectorSource.swift; sourceTree = "<group>"; };
		AA64B52E068713421CB908E2 /* WorldItemView.swift */ = {isa = PBXFileReference; lastKnownFileType = sourcecode.swift; path = WorldItemView.swift; sourceTree = "<group>"; };
		ACB87B0BAECF70291F77A18E /* CharacterPreviewView.swift */ = {isa = PBXFileReference; lastKnownFileType = sourcecode.swift; path = CharacterPreviewView.swift; sourceTree = "<group>"; };
		BB0ED0D19E3B07DA7B1231A4 /* ExpressionArtSource.swift */ = {isa = PBXFileReference; lastKnownFileType = sourcecode.swift; path = ExpressionArtSource.swift; sourceTree = "<group>"; };
		BC201CE915B5D96AB2C0B573 /* CookieState.swift */ = {isa = PBXFileReference; lastKnownFileType = sourcecode.swift; path = CookieState.swift; sourceTree = "<group>"; };
		BC6B895FFF0816B8909B8F5D /* Assets.xcassets */ = {isa = PBXFileReference; lastKnownFileType = folder.assetcatalog; path = Assets.xcassets; sourceTree = "<group>"; };
		CA085C2C2832438FF2316878 /* SpriteAnimationController.swift */ = {isa = PBXFileReference; lastKnownFileType = sourcecode.swift; path = SpriteAnimationController.swift; sourceTree = "<group>"; };
		CA97B56C89CF6D05039E4F73 /* Cookie.app */ = {isa = PBXFileReference; explicitFileType = wrapper.application; includeInIndex = 0; path = Cookie.app; sourceTree = BUILT_PRODUCTS_DIR; };
		CDA8868CC2A544CACF965959 /* CookieHitTester.swift */ = {isa = PBXFileReference; lastKnownFileType = sourcecode.swift; path = CookieHitTester.swift; sourceTree = "<group>"; };
		CDC0882CE04D10761E870D71 /* StatsSettingsTab.swift */ = {isa = PBXFileReference; lastKnownFileType = sourcecode.swift; path = StatsSettingsTab.swift; sourceTree = "<group>"; };
		CDD3A06C9DFA605ECE0FE1E3 /* WindowManager.swift */ = {isa = PBXFileReference; lastKnownFileType = sourcecode.swift; path = WindowManager.swift; sourceTree = "<group>"; };
		D469FDD25DE4BB8AFAC6DC85 /* CookieAccessoryLayer.swift */ = {isa = PBXFileReference; lastKnownFileType = sourcecode.swift; path = CookieAccessoryLayer.swift; sourceTree = "<group>"; };
		D56AE459069F97085CE459DB /* CookieApp.swift */ = {isa = PBXFileReference; lastKnownFileType = sourcecode.swift; path = CookieApp.swift; sourceTree = "<group>"; };
		D58ECB8B9630CEB1C0F716D8 /* SKColor+Hex.swift */ = {isa = PBXFileReference; lastKnownFileType = sourcecode.swift; path = "SKColor+Hex.swift"; sourceTree = "<group>"; };
		D80EF6B30682B627D283E04C /* CookiePersonality.swift */ = {isa = PBXFileReference; lastKnownFileType = sourcecode.swift; path = CookiePersonality.swift; sourceTree = "<group>"; };
		DB2F49350312D645C76361AC /* CookieSpriteRenderer.swift */ = {isa = PBXFileReference; lastKnownFileType = sourcecode.swift; path = CookieSpriteRenderer.swift; sourceTree = "<group>"; };
		DE40BE58C3D3DB0B217D9757 /* CookieTests.xctest */ = {isa = PBXFileReference; explicitFileType = wrapper.cfbundle; includeInIndex = 0; path = CookieTests.xctest; sourceTree = BUILT_PRODUCTS_DIR; };
		EBBA93F76B12629BDAFC7946 /* CookieMultiDisplayTests.swift */ = {isa = PBXFileReference; lastKnownFileType = sourcecode.swift; path = CookieMultiDisplayTests.swift; sourceTree = "<group>"; };
		ECDBFE2411725781FE4EA6BD /* CookieCustomization.swift */ = {isa = PBXFileReference; lastKnownFileType = sourcecode.swift; path = CookieCustomization.swift; sourceTree = "<group>"; };
		F1BFA316970DD8EE9919220A /* CookiePoseCatalog.swift */ = {isa = PBXFileReference; lastKnownFileType = sourcecode.swift; path = CookiePoseCatalog.swift; sourceTree = "<group>"; };
		F7CBD9626E2243F075587141 /* CookieStore.swift */ = {isa = PBXFileReference; lastKnownFileType = sourcecode.swift; path = CookieStore.swift; sourceTree = "<group>"; };
		FD5BB00064481F7484AA0282 /* MotionSettings.swift */ = {isa = PBXFileReference; lastKnownFileType = sourcecode.swift; path = MotionSettings.swift; sourceTree = "<group>"; };
/* End PBXFileReference section */

/* Begin PBXGroup section */
		023EDB96CF612702B54F0AF6 /* Audio */ = {
			isa = PBXGroup;
			children = (
				36159B09F5FDDE812EDC109D /* AudioManager.swift */,
			);
			path = Audio;
			sourceTree = "<group>";
		};
		03FBD696802DD2256AF3132F /* Customization */ = {
			isa = PBXGroup;
			children = (
				0481870F29B62BF73D6D8DCA /* CustomizationView.swift */,
			);
			path = Customization;
			sourceTree = "<group>";
		};
		1F04D45C17D14FB0D83119BA /* Cookie */ = {
			isa = PBXGroup;
			children = (
				42EF6275F8DEEEC0C937CB46 /* CompanionPanelController.swift */,
				975A9064828C80542840C9AC /* CompanionViewController.swift */,
				CDA8868CC2A544CACF965959 /* CookieHitTester.swift */,
				424D427E50BF371EE3A46EB1 /* CookieScene.swift */,
				4EA9D51FCB1BB96A519098EA /* CookieScreenGeometry.swift */,
				4514BA6F0CCB5A84B5A4CA5F /* DesktopWindowScanner.swift */,
				508F241ABBC1FB1CDF92DC68 /* WorldItemPanelController.swift */,
				AA64B52E068713421CB908E2 /* WorldItemView.swift */,
			);
			path = Cookie;
			sourceTree = "<group>";
		};
		20DADA0F017A4FAC1DB5B5EF /* MenuBar */ = {
			isa = PBXGroup;
			children = (
				280470071B93B1E5F75C470A /* MenuBarController.swift */,
			);
			path = MenuBar;
			sourceTree = "<group>";
		};
		282DCFF2DD383335D3C7C5AB /* Persistence */ = {
			isa = PBXGroup;
			children = (
				F7CBD9626E2243F075587141 /* CookieStore.swift */,
			);
			path = Persistence;
			sourceTree = "<group>";
		};
		29AC630A6B64586BFD6C0B1E /* Models */ = {
			isa = PBXGroup;
			children = (
				ECDBFE2411725781FE4EA6BD /* CookieCustomization.swift */,
				2564BB034E6531010EDB7279 /* CookieDirection.swift */,
				D80EF6B30682B627D283E04C /* CookiePersonality.swift */,
				25E43140410CFF6A30747EEE /* CookieProfile.swift */,
				15328F6492CADC407F9935A4 /* CookieSettings.swift */,
				BC201CE915B5D96AB2C0B573 /* CookieState.swift */,
				8BE787A28BF7199A003BD756 /* CookieStatistics.swift */,
				9E277259DA061F70E21DC56D /* WorldItems.swift */,
			);
			path = Models;
			sourceTree = "<group>";
		};
		749672DF45ECDC4427749B84 /* Behaviors */ = {
			isa = PBXGroup;
			children = (
				97E4F7E33C5112C40D7D66E4 /* CookieBehaviorEngine.swift */,
			);
			path = Behaviors;
			sourceTree = "<group>";
		};
		8145A28791FEB108E9261263 /* Settings */ = {
			isa = PBXGroup;
			children = (
				A6AC056B58E4AD81D70E2C27 /* SettingsView.swift */,
				CDC0882CE04D10761E870D71 /* StatsSettingsTab.swift */,
			);
			path = Settings;
			sourceTree = "<group>";
		};
		84AEBB4705C2554CBC320135 /* Views */ = {
			isa = PBXGroup;
			children = (
				ACB87B0BAECF70291F77A18E /* CharacterPreviewView.swift */,
				06F45E3ADDD910733BF5B402 /* WelcomeView.swift */,
			);
			path = Views;
			sourceTree = "<group>";
		};
		868613864E384042FBE7854E = {
			isa = PBXGroup;
			children = (
				A162D6507B6CA1898F1DEC73 /* Cookie */,
				EBB4D8C0F5D2FC98C51E6ED9 /* CookieTests */,
				E503855C6D4BC57F663A09EE /* Products */,
			);
			sourceTree = "<group>";
		};
		9030496221ADCF85FEE5871F /* Resources */ = {
			isa = PBXGroup;
			children = (
				7DDDA556F5DF54B178912C38 /* Sounds */,
				445ACA6F52CF1CB035B5C229 /* Sprites */,
			);
			path = Resources;
			sourceTree = "<group>";
		};
		A162D6507B6CA1898F1DEC73 /* Cookie */ = {
			isa = PBXGroup;
			children = (
				F0D39C7F903D943CAF2EDE29 /* Animation */,
				A677288960C828883044EBDB /* App */,
				BE120A1E9A248C4F5AF87979 /* Assets */,
				023EDB96CF612702B54F0AF6 /* Audio */,
				749672DF45ECDC4427749B84 /* Behaviors */,
				1F04D45C17D14FB0D83119BA /* Cookie */,
				03FBD696802DD2256AF3132F /* Customization */,
				20DADA0F017A4FAC1DB5B5EF /* MenuBar */,
				29AC630A6B64586BFD6C0B1E /* Models */,
				282DCFF2DD383335D3C7C5AB /* Persistence */,
				9030496221ADCF85FEE5871F /* Resources */,
				8145A28791FEB108E9261263 /* Settings */,
				DC705115CA70704F2F0CB827 /* ViewModels */,
				84AEBB4705C2554CBC320135 /* Views */,
			);
			path = Cookie;
			sourceTree = "<group>";
		};
		A677288960C828883044EBDB /* App */ = {
			isa = PBXGroup;
			children = (
				82D8641805F78FBEF35E59DB /* AppDelegate.swift */,
				8BCB2E11C61DF6D031CFBA22 /* AppEnvironment.swift */,
				D56AE459069F97085CE459DB /* CookieApp.swift */,
				CDD3A06C9DFA605ECE0FE1E3 /* WindowManager.swift */,
			);
			path = App;
			sourceTree = "<group>";
		};
		BE120A1E9A248C4F5AF87979 /* Assets */ = {
			isa = PBXGroup;
			children = (
				BC6B895FFF0816B8909B8F5D /* Assets.xcassets */,
			);
			path = Assets;
			sourceTree = "<group>";
		};
		DC705115CA70704F2F0CB827 /* ViewModels */ = {
			isa = PBXGroup;
			children = (
				8B4DA208DB477D8FFA80328E /* WelcomeViewModel.swift */,
			);
			path = ViewModels;
			sourceTree = "<group>";
		};
		E503855C6D4BC57F663A09EE /* Products */ = {
			isa = PBXGroup;
			children = (
				CA97B56C89CF6D05039E4F73 /* Cookie.app */,
				DE40BE58C3D3DB0B217D9757 /* CookieTests.xctest */,
			);
			name = Products;
			sourceTree = "<group>";
		};
		EBB4D8C0F5D2FC98C51E6ED9 /* CookieTests */ = {
			isa = PBXGroup;
			children = (
				76760163CA6BE3BAC37C0381 /* CookieInteractionTests.swift */,
				EBBA93F76B12629BDAFC7946 /* CookieMultiDisplayTests.swift */,
				5D73954CEA6321E099B7E814 /* CookieStoreTests.swift */,
			);
			path = CookieTests;
			sourceTree = "<group>";
		};
		F0D39C7F903D943CAF2EDE29 /* Animation */ = {
			isa = PBXGroup;
			children = (
				33DF2E7203A3BAA05D131B2C /* AnimationFrameSource.swift */,
				D469FDD25DE4BB8AFAC6DC85 /* CookieAccessoryLayer.swift */,
				54D828731AF146F68B1F4290 /* CookieAnimationId.swift */,
				44994CF7A0FE01B9276C2B2F /* CookieCharacterNode.swift */,
				779501F6B071E7E2651115BD /* CookiePose.swift */,
				F1BFA316970DD8EE9919220A /* CookiePoseCatalog.swift */,
				DB2F49350312D645C76361AC /* CookieSpriteRenderer.swift */,
				14CEB413BAD769F6723619AA /* ExpressionArt.swift */,
				BB0ED0D19E3B07DA7B1231A4 /* ExpressionArtSource.swift */,
				FD5BB00064481F7484AA0282 /* MotionSettings.swift */,
				AA3655D1B788BFAA8DB24B3A /* PlaceholderVectorSource.swift */,
				7D22F26FDBDFCA2AC60FC0A0 /* ReferenceImageSource.swift */,
				D58ECB8B9630CEB1C0F716D8 /* SKColor+Hex.swift */,
				CA085C2C2832438FF2316878 /* SpriteAnimationController.swift */,
				0550502DB31F161C2B875C18 /* SpriteProviding.swift */,
				942E7C690A470C300AE20375 /* SpriteSheetSource.swift */,
			);
			path = Animation;
			sourceTree = "<group>";
		};
/* End PBXGroup section */

/* Begin PBXNativeTarget section */
		04A5FCCC0AB455E61AD14C3B /* Cookie */ = {
			isa = PBXNativeTarget;
			buildConfigurationList = 90F7A45B24D51D1C0B5B8A6B /* Build configuration list for PBXNativeTarget "Cookie" */;
			buildPhases = (
				57A4FE773789BD76E0BF0BA4 /* Sources */,
				D85D652D435BB0CB50701410 /* Resources */,
			);
			buildRules = (
			);
			dependencies = (
			);
			name = Cookie;
			packageProductDependencies = (
			);
			productName = Cookie;
			productReference = CA97B56C89CF6D05039E4F73 /* Cookie.app */;
			productType = "com.apple.product-type.application";
		};
		E0D0ED8BBE6AF1D097AE99CC /* CookieTests */ = {
			isa = PBXNativeTarget;
			buildConfigurationList = 49E56AEF1FA73CC317D721AA /* Build configuration list for PBXNativeTarget "CookieTests" */;
			buildPhases = (
				FF9E8C0581FCCC873BADFA99 /* Sources */,
			);
			buildRules = (
			);
			dependencies = (
				2AC6AAC9F0F965A936504B92 /* PBXTargetDependency */,
			);
			name = CookieTests;
			packageProductDependencies = (
			);
			productName = CookieTests;
			productReference = DE40BE58C3D3DB0B217D9757 /* CookieTests.xctest */;
			productType = "com.apple.product-type.bundle.unit-test";
		};
/* End PBXNativeTarget section */

/* Begin PBXProject section */
		1DEF12A8EA9011540A345A44 /* Project object */ = {
			isa = PBXProject;
			attributes = {
				BuildIndependentTargetsInParallel = YES;
				LastUpgradeCheck = 1430;
				TargetAttributes = {
					04A5FCCC0AB455E61AD14C3B = {
						DevelopmentTeam = "";
						ProvisioningStyle = Manual;
					};
					E0D0ED8BBE6AF1D097AE99CC = {
						DevelopmentTeam = "";
						ProvisioningStyle = Manual;
					};
				};
			};
			buildConfigurationList = DA87FFFCF30F0E04EA578AC9 /* Build configuration list for PBXProject "Cookie" */;
			developmentRegion = en;
			hasScannedForEncodings = 0;
			knownRegions = (
				Base,
				en,
			);
			mainGroup = 868613864E384042FBE7854E;
			minimizedProjectReferenceProxies = 1;
			preferredProjectObjectVersion = 77;
			productRefGroup = E503855C6D4BC57F663A09EE /* Products */;
			projectDirPath = "";
			projectRoot = "";
			targets = (
				04A5FCCC0AB455E61AD14C3B /* Cookie */,
				E0D0ED8BBE6AF1D097AE99CC /* CookieTests */,
			);
		};
/* End PBXProject section */

/* Begin PBXResourcesBuildPhase section */
		D85D652D435BB0CB50701410 /* Resources */ = {
			isa = PBXResourcesBuildPhase;
			buildActionMask = 2147483647;
			files = (
				3E3C863DEB21A842A439B102 /* Assets.xcassets in Resources */,
				51C51C0A3A571D55A5088ECA /* Sounds in Resources */,
				59C31F3CC3BF7E83004FFE27 /* Sprites in Resources */,
			);
			runOnlyForDeploymentPostprocessing = 0;
		};
/* End PBXResourcesBuildPhase section */

/* Begin PBXSourcesBuildPhase section */
		57A4FE773789BD76E0BF0BA4 /* Sources */ = {
			isa = PBXSourcesBuildPhase;
			buildActionMask = 2147483647;
			files = (
				5EC1EE3AF4388E9A6FBCC884 /* AnimationFrameSource.swift in Sources */,
				2E1766FDB9E264CD72F5EB92 /* AppDelegate.swift in Sources */,
				94B286277D51F093C96D6693 /* AppEnvironment.swift in Sources */,
				66993E5F26C3BBE14A852558 /* AudioManager.swift in Sources */,
				2310CA94125B1F76D0C15A74 /* CharacterPreviewView.swift in Sources */,
				846BDE6259D6CD478DFF2268 /* CompanionPanelController.swift in Sources */,
				A140A648479AA4A84A741F27 /* CompanionViewController.swift in Sources */,
				BB9B21377AFA0E9DE7B8DB72 /* CookieAccessoryLayer.swift in Sources */,
				77086BD0B5053E304F56F60B /* CookieAnimationId.swift in Sources */,
				EA63057604B4A8C098A2BFDA /* CookieApp.swift in Sources */,
				CDA994145CB0964CA47681EB /* CookieBehaviorEngine.swift in Sources */,
				CE912B9F98BCBB80899EDD61 /* CookieCharacterNode.swift in Sources */,
				5F60712678305C14BAA0FF52 /* CookieCustomization.swift in Sources */,
				C937122C836DF5748B35021A /* CookieDirection.swift in Sources */,
				02C36CD1A684125C7E1BFFEF /* CookieHitTester.swift in Sources */,
				1C855222F7D4B071ECF00337 /* CookiePersonality.swift in Sources */,
				9BA77548E1C37D692D1C6D30 /* CookiePose.swift in Sources */,
				7767963422B69B77A8DE4C57 /* CookiePoseCatalog.swift in Sources */,
				773EDC284CCD1FBA7269A543 /* CookieProfile.swift in Sources */,
				59E4ED3C7B9326545B7F6D88 /* CookieScene.swift in Sources */,
				AF8A2EA43EC89F417912C638 /* CookieScreenGeometry.swift in Sources */,
				3B6C6F3392700BA5B1CFF284 /* CookieSettings.swift in Sources */,
				B92086AA6E9FF3160C5706EC /* CookieSpriteRenderer.swift in Sources */,
				0DA010B7D3C013DEEA9386CA /* CookieState.swift in Sources */,
				B0B61C232AAA04A81082D986 /* CookieStatistics.swift in Sources */,
				E67568E5D520C3E9FDE9A171 /* CookieStore.swift in Sources */,
				D7F2D955D6917AA84555E0E8 /* CustomizationView.swift in Sources */,
				DEDFB19C3E8AED84E4DE4562 /* DesktopWindowScanner.swift in Sources */,
				9538BABBD1EDA6970B836D9B /* ExpressionArt.swift in Sources */,
				92F4E8FB639E2CD642A197C8 /* ExpressionArtSource.swift in Sources */,
				CA4A4C6E0B1B46FE590FACDA /* MenuBarController.swift in Sources */,
				A46A56D1CFE236BD1DFDA9B4 /* MotionSettings.swift in Sources */,
				009741E4D2F3FFE91AD2E169 /* PlaceholderVectorSource.swift in Sources */,
				8C3D9DD6A935AA74B29A7F4E /* ReferenceImageSource.swift in Sources */,
				B0E58B1F32ECF00B9469B471 /* SKColor+Hex.swift in Sources */,
				0CE4BE5C51E456D58155093D /* SettingsView.swift in Sources */,
				EFE3003C6C3BF75867316551 /* SpriteAnimationController.swift in Sources */,
				2E9356EE81B3E75ED15253CB /* SpriteProviding.swift in Sources */,
				85E5BC09C60D58CC357921D3 /* SpriteSheetSource.swift in Sources */,
				75F8F4B5A76D428D6E58211E /* StatsSettingsTab.swift in Sources */,
				6C09E36D31F20A24163A04A2 /* WelcomeView.swift in Sources */,
				8D960B8E35B12D6FCE17132A /* WelcomeViewModel.swift in Sources */,
				CC32FFCBE756E720AD5B37F6 /* WindowManager.swift in Sources */,
				3873AC3359C0EBB51FDE655B /* WorldItemPanelController.swift in Sources */,
				28EC22B8DC1864F99309E225 /* WorldItemView.swift in Sources */,
				686D1FE3A36B380A2D7A19A3 /* WorldItems.swift in Sources */,
			);
			runOnlyForDeploymentPostprocessing = 0;
		};
		FF9E8C0581FCCC873BADFA99 /* Sources */ = {
			isa = PBXSourcesBuildPhase;
			buildActionMask = 2147483647;
			files = (
				303C49FAF4196BC343E55D6E /* CookieInteractionTests.swift in Sources */,
				9662A7AFE3D7E0D4C546723F /* CookieMultiDisplayTests.swift in Sources */,
				E8E31096D8E2F5F973BE859B /* CookieStoreTests.swift in Sources */,
			);
			runOnlyForDeploymentPostprocessing = 0;
		};
/* End PBXSourcesBuildPhase section */

/* Begin PBXTargetDependency section */
		2AC6AAC9F0F965A936504B92 /* PBXTargetDependency */ = {
			isa = PBXTargetDependency;
			target = 04A5FCCC0AB455E61AD14C3B /* Cookie */;
			targetProxy = 124FC80018E14A6B2D926BB6 /* PBXContainerItemProxy */;
		};
/* End PBXTargetDependency section */

/* Begin XCBuildConfiguration section */
		13A03E1C22990AD360C5BF48 /* Debug */ = {
			isa = XCBuildConfiguration;
			buildSettings = {
				ALWAYS_SEARCH_USER_PATHS = NO;
				CLANG_ANALYZER_NONNULL = YES;
				CLANG_ANALYZER_NUMBER_OBJECT_CONVERSION = YES_AGGRESSIVE;
				CLANG_CXX_LANGUAGE_STANDARD = "gnu++14";
				CLANG_CXX_LIBRARY = "libc++";
				CLANG_ENABLE_MODULES = YES;
				CLANG_ENABLE_OBJC_ARC = YES;
				CLANG_ENABLE_OBJC_WEAK = YES;
				CLANG_WARN_BLOCK_CAPTURE_AUTORELEASING = YES;
				CLANG_WARN_BOOL_CONVERSION = YES;
				CLANG_WARN_COMMA = YES;
				CLANG_WARN_CONSTANT_CONVERSION = YES;
				CLANG_WARN_DEPRECATED_OBJC_IMPLEMENTATIONS = YES;
				CLANG_WARN_DIRECT_OBJC_ISA_USAGE = YES_ERROR;
				CLANG_WARN_DOCUMENTATION_COMMENTS = YES;
				CLANG_WARN_EMPTY_BODY = YES;
				CLANG_WARN_ENUM_CONVERSION = YES;
				CLANG_WARN_INFINITE_RECURSION = YES;
				CLANG_WARN_INT_CONVERSION = YES;
				CLANG_WARN_NON_LITERAL_NULL_CONVERSION = YES;
				CLANG_WARN_OBJC_IMPLICIT_RETAIN_SELF = YES;
				CLANG_WARN_OBJC_LITERAL_CONVERSION = YES;
				CLANG_WARN_OBJC_ROOT_CLASS = YES_ERROR;
				CLANG_WARN_QUOTED_INCLUDE_IN_FRAMEWORK_HEADER = YES;
				CLANG_WARN_RANGE_LOOP_ANALYSIS = YES;
				CLANG_WARN_STRICT_PROTOTYPES = YES;
				CLANG_WARN_SUSPICIOUS_MOVE = YES;
				CLANG_WARN_UNGUARDED_AVAILABILITY = YES_AGGRESSIVE;
				CLANG_WARN_UNREACHABLE_CODE = YES;
				CLANG_WARN__DUPLICATE_METHOD_MATCH = YES;
				COPY_PHASE_STRIP = NO;
				CURRENT_PROJECT_VERSION = 1;
				DEBUG_INFORMATION_FORMAT = dwarf;
				ENABLE_STRICT_OBJC_MSGSEND = YES;
				ENABLE_TESTABILITY = YES;
				GCC_C_LANGUAGE_STANDARD = gnu11;
				GCC_DYNAMIC_NO_PIC = NO;
				GCC_NO_COMMON_BLOCKS = YES;
				GCC_OPTIMIZATION_LEVEL = 0;
				GCC_PREPROCESSOR_DEFINITIONS = (
					"$(inherited)",
					"DEBUG=1",
				);
				GCC_WARN_64_TO_32_BIT_CONVERSION = YES;
				GCC_WARN_ABOUT_RETURN_TYPE = YES_ERROR;
				GCC_WARN_UNDECLARED_SELECTOR = YES;
				GCC_WARN_UNINITIALIZED_AUTOS = YES_AGGRESSIVE;
				GCC_WARN_UNUSED_FUNCTION = YES;
				GCC_WARN_UNUSED_VARIABLE = YES;
				MACOSX_DEPLOYMENT_TARGET = 14.0;
				MARKETING_VERSION = 0.1.0;
				MTL_ENABLE_DEBUG_INFO = INCLUDE_SOURCE;
				MTL_FAST_MATH = YES;
				ONLY_ACTIVE_ARCH = YES;
				PRODUCT_NAME = "$(TARGET_NAME)";
				SDKROOT = macosx;
				SWIFT_ACTIVE_COMPILATION_CONDITIONS = DEBUG;
				SWIFT_OPTIMIZATION_LEVEL = "-Onone";
				SWIFT_STRICT_CONCURRENCY = minimal;
				SWIFT_VERSION = 5.0;
			};
			name = Debug;
		};
		3AA77CE36EE1565BB03D5C57 /* Release */ = {
			isa = XCBuildConfiguration;
			buildSettings = {
				ASSETCATALOG_COMPILER_APPICON_NAME = AppIcon;
				CODE_SIGN_IDENTITY = "-";
				CODE_SIGN_STYLE = Manual;
				COMBINE_HIDPI_IMAGES = YES;
				DEVELOPMENT_TEAM = "";
				ENABLE_HARDENED_RUNTIME = NO;
				INFOPLIST_FILE = Cookie/Resources/Info.plist;
				LD_RUNPATH_SEARCH_PATHS = (
					"$(inherited)",
					"@executable_path/../Frameworks",
				);
				PRODUCT_BUNDLE_IDENTIFIER = com.cookie.mac;
				SDKROOT = macosx;
			};
			name = Release;
		};
		897D2B7430DCFA167A15AC8E /* Release */ = {
			isa = XCBuildConfiguration;
			buildSettings = {
				BUNDLE_LOADER = "$(TEST_HOST)";
				CODE_SIGN_IDENTITY = "-";
				CODE_SIGN_STYLE = Manual;
				COMBINE_HIDPI_IMAGES = YES;
				DEVELOPMENT_TEAM = "";
				ENABLE_HARDENED_RUNTIME = NO;
				GENERATE_INFOPLIST_FILE = YES;
				LD_RUNPATH_SEARCH_PATHS = (
					"$(inherited)",
					"@executable_path/../Frameworks",
					"@loader_path/../Frameworks",
				);
				PRODUCT_BUNDLE_IDENTIFIER = com.cookie.mac.tests;
				SDKROOT = macosx;
				TEST_HOST = "$(BUILT_PRODUCTS_DIR)/Cookie.app/Contents/MacOS/Cookie";
			};
			name = Release;
		};
		A9C43733021E4FDDE538EFD1 /* Release */ = {
			isa = XCBuildConfiguration;
			buildSettings = {
				ALWAYS_SEARCH_USER_PATHS = NO;
				CLANG_ANALYZER_NONNULL = YES;
				CLANG_ANALYZER_NUMBER_OBJECT_CONVERSION = YES_AGGRESSIVE;
				CLANG_CXX_LANGUAGE_STANDARD = "gnu++14";
				CLANG_CXX_LIBRARY = "libc++";
				CLANG_ENABLE_MODULES = YES;
				CLANG_ENABLE_OBJC_ARC = YES;
				CLANG_ENABLE_OBJC_WEAK = YES;
				CLANG_WARN_BLOCK_CAPTURE_AUTORELEASING = YES;
				CLANG_WARN_BOOL_CONVERSION = YES;
				CLANG_WARN_COMMA = YES;
				CLANG_WARN_CONSTANT_CONVERSION = YES;
				CLANG_WARN_DEPRECATED_OBJC_IMPLEMENTATIONS = YES;
				CLANG_WARN_DIRECT_OBJC_ISA_USAGE = YES_ERROR;
				CLANG_WARN_DOCUMENTATION_COMMENTS = YES;
				CLANG_WARN_EMPTY_BODY = YES;
				CLANG_WARN_ENUM_CONVERSION = YES;
				CLANG_WARN_INFINITE_RECURSION = YES;
				CLANG_WARN_INT_CONVERSION = YES;
				CLANG_WARN_NON_LITERAL_NULL_CONVERSION = YES;
				CLANG_WARN_OBJC_IMPLICIT_RETAIN_SELF = YES;
				CLANG_WARN_OBJC_LITERAL_CONVERSION = YES;
				CLANG_WARN_OBJC_ROOT_CLASS = YES_ERROR;
				CLANG_WARN_QUOTED_INCLUDE_IN_FRAMEWORK_HEADER = YES;
				CLANG_WARN_RANGE_LOOP_ANALYSIS = YES;
				CLANG_WARN_STRICT_PROTOTYPES = YES;
				CLANG_WARN_SUSPICIOUS_MOVE = YES;
				CLANG_WARN_UNGUARDED_AVAILABILITY = YES_AGGRESSIVE;
				CLANG_WARN_UNREACHABLE_CODE = YES;
				CLANG_WARN__DUPLICATE_METHOD_MATCH = YES;
				COPY_PHASE_STRIP = NO;
				CURRENT_PROJECT_VERSION = 1;
				DEBUG_INFORMATION_FORMAT = "dwarf-with-dsym";
				ENABLE_NS_ASSERTIONS = NO;
				ENABLE_STRICT_OBJC_MSGSEND = YES;
				GCC_C_LANGUAGE_STANDARD = gnu11;
				GCC_NO_COMMON_BLOCKS = YES;
				GCC_WARN_64_TO_32_BIT_CONVERSION = YES;
				GCC_WARN_ABOUT_RETURN_TYPE = YES_ERROR;
				GCC_WARN_UNDECLARED_SELECTOR = YES;
				GCC_WARN_UNINITIALIZED_AUTOS = YES_AGGRESSIVE;
				GCC_WARN_UNUSED_FUNCTION = YES;
				GCC_WARN_UNUSED_VARIABLE = YES;
				MACOSX_DEPLOYMENT_TARGET = 14.0;
				MARKETING_VERSION = 0.1.0;
				MTL_ENABLE_DEBUG_INFO = NO;
				MTL_FAST_MATH = YES;
				PRODUCT_NAME = "$(TARGET_NAME)";
				SDKROOT = macosx;
				SWIFT_COMPILATION_MODE = wholemodule;
				SWIFT_OPTIMIZATION_LEVEL = "-O";
				SWIFT_STRICT_CONCURRENCY = minimal;
				SWIFT_VERSION = 5.0;
			};
			name = Release;
		};
		D68D7442DD262BA5A0B64106 /* Debug */ = {
			isa = XCBuildConfiguration;
			buildSettings = {
				BUNDLE_LOADER = "$(TEST_HOST)";
				CODE_SIGN_IDENTITY = "-";
				CODE_SIGN_STYLE = Manual;
				COMBINE_HIDPI_IMAGES = YES;
				DEVELOPMENT_TEAM = "";
				ENABLE_HARDENED_RUNTIME = NO;
				GENERATE_INFOPLIST_FILE = YES;
				LD_RUNPATH_SEARCH_PATHS = (
					"$(inherited)",
					"@executable_path/../Frameworks",
					"@loader_path/../Frameworks",
				);
				PRODUCT_BUNDLE_IDENTIFIER = com.cookie.mac.tests;
				SDKROOT = macosx;
				TEST_HOST = "$(BUILT_PRODUCTS_DIR)/Cookie.app/Contents/MacOS/Cookie";
			};
			name = Debug;
		};
		E3BD18268C3E42F7EDA70634 /* Debug */ = {
			isa = XCBuildConfiguration;
			buildSettings = {
				ASSETCATALOG_COMPILER_APPICON_NAME = AppIcon;
				CODE_SIGN_IDENTITY = "-";
				CODE_SIGN_STYLE = Manual;
				COMBINE_HIDPI_IMAGES = YES;
				DEVELOPMENT_TEAM = "";
				ENABLE_HARDENED_RUNTIME = NO;
				INFOPLIST_FILE = Cookie/Resources/Info.plist;
				LD_RUNPATH_SEARCH_PATHS = (
					"$(inherited)",
					"@executable_path/../Frameworks",
				);
				PRODUCT_BUNDLE_IDENTIFIER = com.cookie.mac;
				SDKROOT = macosx;
			};
			name = Debug;
		};
/* End XCBuildConfiguration section */

/* Begin XCConfigurationList section */
		49E56AEF1FA73CC317D721AA /* Build configuration list for PBXNativeTarget "CookieTests" */ = {
			isa = XCConfigurationList;
			buildConfigurations = (
				D68D7442DD262BA5A0B64106 /* Debug */,
				897D2B7430DCFA167A15AC8E /* Release */,
			);
			defaultConfigurationIsVisible = 0;
			defaultConfigurationName = Debug;
		};
		90F7A45B24D51D1C0B5B8A6B /* Build configuration list for PBXNativeTarget "Cookie" */ = {
			isa = XCConfigurationList;
			buildConfigurations = (
				E3BD18268C3E42F7EDA70634 /* Debug */,
				3AA77CE36EE1565BB03D5C57 /* Release */,
			);
			defaultConfigurationIsVisible = 0;
			defaultConfigurationName = Debug;
		};
		DA87FFFCF30F0E04EA578AC9 /* Build configuration list for PBXProject "Cookie" */ = {
			isa = XCConfigurationList;
			buildConfigurations = (
				13A03E1C22990AD360C5BF48 /* Debug */,
				A9C43733021E4FDDE538EFD1 /* Release */,
			);
			defaultConfigurationIsVisible = 0;
			defaultConfigurationName = Debug;
		};
/* End XCConfigurationList section */
	};
	rootObject = 1DEF12A8EA9011540A345A44 /* Project object */;
}
